
Microsoft Visual Studio Solution File, Format Version 12.00
# Visual Studio Version 17
VisualStudioVersion = 17.6.33829.357
MinimumVisualStudioVersion = 10.0.40219.1
Project("{FAE04EC0-301F-11D3-BF4B-00C04F79EFBC}") = "TodoApi", "TodoApi.csproj", "{346C758F-CCE9-4ED5-AE1F-A16AF3DE7EEF}"
EndProject
Global
	GlobalSection(SolutionConfigurationPlatforms) = preSolution
		Debug|Any CPU = Debug|Any CPU
		Release|Any CPU = Release|Any CPU
	EndGlobalSection
	GlobalSection(ProjectConfigurationPlatforms) = postSolution
		{346C758F-CCE9-4ED5-AE1F-A16AF3DE7EEF}.Debug|Any CPU.ActiveCfg = Debug|Any CPU
		{346C758F-CCE9-4ED5-AE1F-A16AF3DE7EEF}.Debug|Any CPU.Build.0 = Debug|Any CPU
		{346C758F-CCE9-4ED5-AE1F-A16AF3DE7EEF}.Release|Any CPU.ActiveCfg = Release|Any CPU
		{346C758F-CCE9-4ED5-AE1F-A16AF3DE7EEF}.Release|Any CPU.Build.0 = Release|Any CPU
	EndGlobalSection
	GlobalSection(SolutionProperties) = preSolution
		HideSolutionNode = FALSE
	EndGlobalSection
	GlobalSection(ExtensibilityGlobals) = postSolution
		SolutionGuid = {8AA64441-2B1E-429D-951D-CB4245ED5BE8}
	EndGlobalSection
EndGlobal
